
Microsoft Visual Studio Solution File, Format Version 12.00
# Visual Studio 15
VisualStudioVersion = 15.0.26430.15
MinimumVisualStudioVersion = 10.0.40219.1
Project("{FAE04EC0-301F-11D3-BF4B-00C04F79EFBC}") = "Lab 10- Tyreese Brown", "Lab 10- Tyreese Brown\Lab 10- Tyreese Brown.csproj", "{F42807FD-9D81-4F88-98B0-36262B9B9DDE}"
EndProject
Global
	GlobalSection(SolutionConfigurationPlatforms) = preSolution
		Debug|Any CPU = Debug|Any CPU
		Release|Any CPU = Release|Any CPU
	EndGlobalSection
	GlobalSection(ProjectConfigurationPlatforms) = postSolution
		{F42807FD-9D81-4F88-98B0-36262B9B9DDE}.Debug|Any CPU.ActiveCfg = Debug|Any CPU
		{F42807FD-9D81-4F88-98B0-36262B9B9DDE}.Debug|Any CPU.Build.0 = Debug|Any CPU
		{F42807FD-9D81-4F88-98B0-36262B9B9DDE}.Release|Any CPU.ActiveCfg = Release|Any CPU
		{F42807FD-9D81-4F88-98B0-36262B9B9DDE}.Release|Any CPU.Build.0 = Release|Any CPU
	EndGlobalSection
	GlobalSection(SolutionProperties) = preSolution
		HideSolutionNode = FALSE
	EndGlobalSection
EndGlobal
