
Microsoft Visual Studio Solution File, Format Version 12.00
# Visual Studio 15
VisualStudioVersion = 15.0.26430.15
MinimumVisualStudioVersion = 10.0.40219.1
Project("{FAE04EC0-301F-11D3-BF4B-00C04F79EFBC}") = "Inheritence", "Inheritence\Inheritence.csproj", "{57F48AA5-0B19-4164-AFF9-C47D2A4B5578}"
EndProject
Global
	GlobalSection(SolutionConfigurationPlatforms) = preSolution
		Debug|Any CPU = Debug|Any CPU
		Release|Any CPU = Release|Any CPU
	EndGlobalSection
	GlobalSection(ProjectConfigurationPlatforms) = postSolution
		{57F48AA5-0B19-4164-AFF9-C47D2A4B5578}.Debug|Any CPU.ActiveCfg = Debug|Any CPU
		{57F48AA5-0B19-4164-AFF9-C47D2A4B5578}.Debug|Any CPU.Build.0 = Debug|Any CPU
		{57F48AA5-0B19-4164-AFF9-C47D2A4B5578}.Release|Any CPU.ActiveCfg = Release|Any CPU
		{57F48AA5-0B19-4164-AFF9-C47D2A4B5578}.Release|Any CPU.Build.0 = Release|Any CPU
	EndGlobalSection
	GlobalSection(SolutionProperties) = preSolution
		HideSolutionNode = FALSE
	EndGlobalSection
EndGlobal
